{
  "requires": true,
  "lockfileVersion": 1,
  "dependencies": {
    "node-inspect": {
      "version": "2.0.0",
      "resolved": "https://registry.npmjs.org/node-inspect/-/node-inspect-2.0.0.tgz",
      "integrity": "sha512-vaDNU6Fa/vt8gv/PV+QoeSIPhcBnHMiNOtInxcojfagspQg5KP9HloUDGJWIacamT8Agiu51eF+fuBjrE25a6w=="
    },
    "vm2": {
      "version": "3.9.3",
      "resolved": "https://registry.npmjs.org/vm2/-/vm2-3.9.3.tgz",
      "integrity": "sha512-smLS+18RjXYMl9joyJxMNI9l4w7biW8ilSDaVRvFBDwOH8P0BK1ognFQTpg0wyQ6wIKLTblHJvROW692L/E53Q=="
    }
  }
}
